
Microsoft Visual Studio Solution File, Format Version 12.00
# Visual Studio Version 17
VisualStudioVersion = 17.1.32414.318
MinimumVisualStudioVersion = 10.0.40219.1
Project("{FAE04EC0-301F-11D3-BF4B-00C04F79EFBC}") = "Базовые вещи", "Базовые вещи\Базовые вещи.csproj", "{A5509232-749F-47B9-8442-35538CB61F32}"
EndProject
Global
	GlobalSection(SolutionConfigurationPlatforms) = preSolution
		Debug|Any CPU = Debug|Any CPU
		Release|Any CPU = Release|Any CPU
	EndGlobalSection
	GlobalSection(ProjectConfigurationPlatforms) = postSolution
		{A5509232-749F-47B9-8442-35538CB61F32}.Debug|Any CPU.ActiveCfg = Debug|Any CPU
		{A5509232-749F-47B9-8442-35538CB61F32}.Debug|Any CPU.Build.0 = Debug|Any CPU
		{A5509232-749F-47B9-8442-35538CB61F32}.Release|Any CPU.ActiveCfg = Release|Any CPU
		{A5509232-749F-47B9-8442-35538CB61F32}.Release|Any CPU.Build.0 = Release|Any CPU
	EndGlobalSection
	GlobalSection(SolutionProperties) = preSolution
		HideSolutionNode = FALSE
	EndGlobalSection
	GlobalSection(ExtensibilityGlobals) = postSolution
		SolutionGuid = {02BC5A91-F6DA-4255-B3D3-33BAB486F519}
	EndGlobalSection
EndGlobal
