
Microsoft Visual Studio Solution File, Format Version 12.00
# Visual Studio Version 17
VisualStudioVersion = 17.5.33530.505
MinimumVisualStudioVersion = 10.0.40219.1
Project("{FAE04EC0-301F-11D3-BF4B-00C04F79EFBC}") = "LoginWindow", "LoginWindow\LoginWindow.csproj", "{4443ADA3-6F21-4789-94ED-891290CA8F73}"
EndProject
Global
	GlobalSection(SolutionConfigurationPlatforms) = preSolution
		Debug|Any CPU = Debug|Any CPU
		Release|Any CPU = Release|Any CPU
	EndGlobalSection
	GlobalSection(ProjectConfigurationPlatforms) = postSolution
		{4443ADA3-6F21-4789-94ED-891290CA8F73}.Debug|Any CPU.ActiveCfg = Debug|Any CPU
		{4443ADA3-6F21-4789-94ED-891290CA8F73}.Debug|Any CPU.Build.0 = Debug|Any CPU
		{4443ADA3-6F21-4789-94ED-891290CA8F73}.Release|Any CPU.ActiveCfg = Release|Any CPU
		{4443ADA3-6F21-4789-94ED-891290CA8F73}.Release|Any CPU.Build.0 = Release|Any CPU
	EndGlobalSection
	GlobalSection(SolutionProperties) = preSolution
		HideSolutionNode = FALSE
	EndGlobalSection
	GlobalSection(ExtensibilityGlobals) = postSolution
		SolutionGuid = {9DEFCA2D-F4CF-4B1F-99D5-FBAEECCE836F}
	EndGlobalSection
EndGlobal
