
Microsoft Visual Studio Solution File, Format Version 12.00
# Visual Studio Version 17
VisualStudioVersion = 17.1.32414.318
MinimumVisualStudioVersion = 10.0.40219.1
Project("{FAE04EC0-301F-11D3-BF4B-00C04F79EFBC}") = "Dom", "Dom\Dom.csproj", "{DE0AE8C0-3FCF-423E-93C2-0541FAAC680D}"
EndProject
Global
	GlobalSection(SolutionConfigurationPlatforms) = preSolution
		Debug|Any CPU = Debug|Any CPU
		Release|Any CPU = Release|Any CPU
	EndGlobalSection
	GlobalSection(ProjectConfigurationPlatforms) = postSolution
		{DE0AE8C0-3FCF-423E-93C2-0541FAAC680D}.Debug|Any CPU.ActiveCfg = Debug|Any CPU
		{DE0AE8C0-3FCF-423E-93C2-0541FAAC680D}.Debug|Any CPU.Build.0 = Debug|Any CPU
		{DE0AE8C0-3FCF-423E-93C2-0541FAAC680D}.Release|Any CPU.ActiveCfg = Release|Any CPU
		{DE0AE8C0-3FCF-423E-93C2-0541FAAC680D}.Release|Any CPU.Build.0 = Release|Any CPU
	EndGlobalSection
	GlobalSection(SolutionProperties) = preSolution
		HideSolutionNode = FALSE
	EndGlobalSection
	GlobalSection(ExtensibilityGlobals) = postSolution
		SolutionGuid = {BAC2EA9A-D0BD-4D78-8237-EA5AD65CE2F5}
	EndGlobalSection
EndGlobal
