
Microsoft Visual Studio Solution File, Format Version 12.00
# Visual Studio Version 17
VisualStudioVersion = 17.1.32414.318
MinimumVisualStudioVersion = 10.0.40219.1
Project("{FAE04EC0-301F-11D3-BF4B-00C04F79EFBC}") = "ProductClass", "ProductClass\ProductClass.csproj", "{3EB5BDEA-2A2C-41FD-BAA8-ECA765F47CFE}"
EndProject
Global
	GlobalSection(SolutionConfigurationPlatforms) = preSolution
		Debug|Any CPU = Debug|Any CPU
		Release|Any CPU = Release|Any CPU
	EndGlobalSection
	GlobalSection(ProjectConfigurationPlatforms) = postSolution
		{3EB5BDEA-2A2C-41FD-BAA8-ECA765F47CFE}.Debug|Any CPU.ActiveCfg = Debug|Any CPU
		{3EB5BDEA-2A2C-41FD-BAA8-ECA765F47CFE}.Debug|Any CPU.Build.0 = Debug|Any CPU
		{3EB5BDEA-2A2C-41FD-BAA8-ECA765F47CFE}.Release|Any CPU.ActiveCfg = Release|Any CPU
		{3EB5BDEA-2A2C-41FD-BAA8-ECA765F47CFE}.Release|Any CPU.Build.0 = Release|Any CPU
	EndGlobalSection
	GlobalSection(SolutionProperties) = preSolution
		HideSolutionNode = FALSE
	EndGlobalSection
	GlobalSection(ExtensibilityGlobals) = postSolution
		SolutionGuid = {F529DCB8-9683-4C2C-9BA8-1943932FABEC}
	EndGlobalSection
EndGlobal
