
Microsoft Visual Studio Solution File, Format Version 12.00
# Visual Studio Version 17
VisualStudioVersion = 17.1.32414.318
MinimumVisualStudioVersion = 10.0.40219.1
Project("{FAE04EC0-301F-11D3-BF4B-00C04F79EFBC}") = "Calculator", "Calculator\Calculator.csproj", "{89C4FCC5-8CE0-4588-AB15-D5B0078DA3DD}"
EndProject
Global
	GlobalSection(SolutionConfigurationPlatforms) = preSolution
		Debug|Any CPU = Debug|Any CPU
		Release|Any CPU = Release|Any CPU
	EndGlobalSection
	GlobalSection(ProjectConfigurationPlatforms) = postSolution
		{89C4FCC5-8CE0-4588-AB15-D5B0078DA3DD}.Debug|Any CPU.ActiveCfg = Debug|Any CPU
		{89C4FCC5-8CE0-4588-AB15-D5B0078DA3DD}.Debug|Any CPU.Build.0 = Debug|Any CPU
		{89C4FCC5-8CE0-4588-AB15-D5B0078DA3DD}.Release|Any CPU.ActiveCfg = Release|Any CPU
		{89C4FCC5-8CE0-4588-AB15-D5B0078DA3DD}.Release|Any CPU.Build.0 = Release|Any CPU
	EndGlobalSection
	GlobalSection(SolutionProperties) = preSolution
		HideSolutionNode = FALSE
	EndGlobalSection
	GlobalSection(ExtensibilityGlobals) = postSolution
		SolutionGuid = {32195D30-E0DD-49ED-94C3-C8792189866F}
	EndGlobalSection
EndGlobal
